// !$*UTF8*$!
{
	archiveVersion = 1;
	classes = {
	};
	objectVersion = 46;
	objects = {

/* Begin PBXBuildFile section */
		DF0CFB2C1BAC41FE00A98D88 /* ETAccountHomeViewController.m in Sources */ = {isa = PBXBuildFile; fileRef = DF0CFB2B1BAC41FE00A98D88 /* ETAccountHomeViewController.m */; };
		DF0CFB301BAC48FE00A98D88 /* DetailViewController.m in Sources */ = {isa = PBXBuildFile; fileRef = DF0CFB2F1BAC48FE00A98D88 /* DetailViewController.m */; };
		DF0CFB371BAE5D6800A98D88 /* ETFormatter.m in Sources */ = {isa = PBXBuildFile; fileRef = DF0CFB361BAE5D6800A98D88 /* ETFormatter.m */; };
		DF2BC52A1BD2A0DD00AAF616 /* ETAccountDBManager.m in Sources */ = {isa = PBXBuildFile; fileRef = DF2BC5291BD2A0DD00AAF616 /* ETAccountDBManager.m */; settings = {ASSET_TAGS = (); }; };
		DF337E691AD2F5F9001CA285 /* main.m in Sources */ = {isa = PBXBuildFile; fileRef = DF337E681AD2F5F9001CA285 /* main.m */; };
		DF337E6C1AD2F5F9001CA285 /* AppDelegate.m in Sources */ = {isa = PBXBuildFile; fileRef = DF337E6B1AD2F5F9001CA285 /* AppDelegate.m */; };
		DF337E751AD2F5F9001CA285 /* Main.storyboard in Resources */ = {isa = PBXBuildFile; fileRef = DF337E731AD2F5F9001CA285 /* Main.storyboard */; };
		DF337E771AD2F5F9001CA285 /* Images.xcassets in Resources */ = {isa = PBXBuildFile; fileRef = DF337E761AD2F5F9001CA285 /* Images.xcassets */; };
		DF337E7A1AD2F5F9001CA285 /* LaunchScreen.xib in Resources */ = {isa = PBXBuildFile; fileRef = DF337E781AD2F5F9001CA285 /* LaunchScreen.xib */; };
		DF337E861AD2F5FA001CA285 /* ETAccount_iOSTests.m in Sources */ = {isa = PBXBuildFile; fileRef = DF337E851AD2F5FA001CA285 /* ETAccount_iOSTests.m */; };
		DF337EA61AD2F63E001CA285 /* ETHTTPUtility.m in Sources */ = {isa = PBXBuildFile; fileRef = DF337E941AD2F63E001CA285 /* ETHTTPUtility.m */; };
		DF337EA71AD2F63E001CA285 /* ETUtility.m in Sources */ = {isa = PBXBuildFile; fileRef = DF337E961AD2F63E001CA285 /* ETUtility.m */; };
		DF337EA81AD2F63E001CA285 /* ETXMLParser.m in Sources */ = {isa = PBXBuildFile; fileRef = DF337E981AD2F63E001CA285 /* ETXMLParser.m */; };
		DF337EA91AD2F63E001CA285 /* FMDatabase.m in Sources */ = {isa = PBXBuildFile; fileRef = DF337E9B1AD2F63E001CA285 /* FMDatabase.m */; settings = {COMPILER_FLAGS = "-fno-objc-arc"; }; };
		DF337EAA1AD2F63E001CA285 /* FMResultSet.m in Sources */ = {isa = PBXBuildFile; fileRef = DF337E9D1AD2F63E001CA285 /* FMResultSet.m */; settings = {COMPILER_FLAGS = "-fno-objc-arc"; }; };
		DF337EAB1AD2F63E001CA285 /* MapTileOverlay.m in Sources */ = {isa = PBXBuildFile; fileRef = DF337EA01AD2F63E001CA285 /* MapTileOverlay.m */; };
		DF337EAC1AD2F63E001CA285 /* MKMapView+ZoomLevel.m in Sources */ = {isa = PBXBuildFile; fileRef = DF337EA31AD2F63E001CA285 /* MKMapView+ZoomLevel.m */; };
		DF337EAD1AD2F63E001CA285 /* PODataManager.m in Sources */ = {isa = PBXBuildFile; fileRef = DF337EA51AD2F63E001CA285 /* PODataManager.m */; };
		DF337EB01AD2F659001CA285 /* libsqlite3.0.dylib in Frameworks */ = {isa = PBXBuildFile; fileRef = DF337EAF1AD2F659001CA285 /* libsqlite3.0.dylib */; };
		DF358D451AD7479000972F9B /* ETAccountAddViewController.m in Sources */ = {isa = PBXBuildFile; fileRef = DF358D431AD7479000972F9B /* ETAccountAddViewController.m */; };
		DF358D461AD7479000972F9B /* ETAccountAddViewController.xib in Resources */ = {isa = PBXBuildFile; fileRef = DF358D441AD7479000972F9B /* ETAccountAddViewController.xib */; };
		DF614C3E1BCFFE320015D662 /* ETAccountAddAccountTableViewController.m in Sources */ = {isa = PBXBuildFile; fileRef = DF614C3D1BCFFE320015D662 /* ETAccountAddAccountTableViewController.m */; settings = {ASSET_TAGS = (); }; };
		DF614C4A1BD0048F0015D662 /* ETAccountAddTableViewCell.m in Sources */ = {isa = PBXBuildFile; fileRef = DF614C431BD0048F0015D662 /* ETAccountAddTableViewCell.m */; settings = {ASSET_TAGS = (); }; };
		DF614C4B1BD0048F0015D662 /* ETAccountAddDealTableViewController.m in Sources */ = {isa = PBXBuildFile; fileRef = DF614C451BD0048F0015D662 /* ETAccountAddDealTableViewController.m */; settings = {ASSET_TAGS = (); }; };
		DF614C4C1BD0048F0015D662 /* ETAccountDealViewController.m in Sources */ = {isa = PBXBuildFile; fileRef = DF614C471BD0048F0015D662 /* ETAccountDealViewController.m */; settings = {ASSET_TAGS = (); }; };
		DF614C4D1BD0048F0015D662 /* ETAccountTableViewCell.m in Sources */ = {isa = PBXBuildFile; fileRef = DF614C491BD0048F0015D662 /* ETAccountTableViewCell.m */; settings = {ASSET_TAGS = (); }; };
		DFAA41D81BD52EB300DEC501 /* ETAccount.sqlite in Resources */ = {isa = PBXBuildFile; fileRef = DFAA41D71BD52EB300DEC501 /* ETAccount.sqlite */; settings = {ASSET_TAGS = (); }; };
		DFAA41DB1BD5356300DEC501 /* ETAccountDealDetailViewController.m in Sources */ = {isa = PBXBuildFile; fileRef = DFAA41DA1BD5356300DEC501 /* ETAccountDealDetailViewController.m */; settings = {ASSET_TAGS = (); }; };
/* End PBXBuildFile section */

/* Begin PBXContainerItemProxy section */
		DF337E801AD2F5F9001CA285 /* PBXContainerItemProxy */ = {
			isa = PBXContainerItemProxy;
			containerPortal = DF337E5B1AD2F5F9001CA285 /* Project object */;
			proxyType = 1;
			remoteGlobalIDString = DF337E621AD2F5F9001CA285;
			remoteInfo = ETAccount_iOS;
		};
/* End PBXContainerItemProxy section */

/* Begin PBXFileReference section */
		DF0CFB2A1BAC41FE00A98D88 /* ETAccountHomeViewController.h */ = {isa = PBXFileReference; fileEncoding = 4; lastKnownFileType = sourcecode.c.h; name = ETAccountHomeViewController.h; path = Home/ETAccountHomeViewController.h; sourceTree = "<group>"; };
		DF0CFB2B1BAC41FE00A98D88 /* ETAccountHomeViewController.m */ = {isa = PBXFileReference; fileEncoding = 4; lastKnownFileType = sourcecode.c.objc; name = ETAccountHomeViewController.m; path = Home/ETAccountHomeViewController.m; sourceTree = "<group>"; };
		DF0CFB2E1BAC48FE00A98D88 /* DetailViewController.h */ = {isa = PBXFileReference; fileEncoding = 4; lastKnownFileType = sourcecode.c.h; path = DetailViewController.h; sourceTree = "<group>"; };
		DF0CFB2F1BAC48FE00A98D88 /* DetailViewController.m */ = {isa = PBXFileReference; fileEncoding = 4; lastKnownFileType = sourcecode.c.objc; path = DetailViewController.m; sourceTree = "<group>"; };
		DF0CFB351BAE5D6800A98D88 /* ETFormatter.h */ = {isa = PBXFileReference; fileEncoding = 4; lastKnownFileType = sourcecode.c.h; path = ETFormatter.h; sourceTree = "<group>"; };
		DF0CFB361BAE5D6800A98D88 /* ETFormatter.m */ = {isa = PBXFileReference; fileEncoding = 4; lastKnownFileType = sourcecode.c.objc; path = ETFormatter.m; sourceTree = "<group>"; };
		DF2BC5281BD2A0DD00AAF616 /* ETAccountDBManager.h */ = {isa = PBXFileReference; fileEncoding = 4; lastKnownFileType = sourcecode.c.h; path = ETAccountDBManager.h; sourceTree = "<group>"; };
		DF2BC5291BD2A0DD00AAF616 /* ETAccountDBManager.m */ = {isa = PBXFileReference; fileEncoding = 4; lastKnownFileType = sourcecode.c.objc; path = ETAccountDBManager.m; sourceTree = "<group>"; };
		DF337E631AD2F5F9001CA285 /* ETAccount_iOS.app */ = {isa = PBXFileReference; explicitFileType = wrapper.application; includeInIndex = 0; path = ETAccount_iOS.app; sourceTree = BUILT_PRODUCTS_DIR; };
		DF337E671AD2F5F9001CA285 /* Info.plist */ = {isa = PBXFileReference; lastKnownFileType = text.plist.xml; path = Info.plist; sourceTree = "<group>"; };
		DF337E681AD2F5F9001CA285 /* main.m */ = {isa = PBXFileReference; lastKnownFileType = sourcecode.c.objc; path = main.m; sourceTree = "<group>"; };
		DF337E6A1AD2F5F9001CA285 /* AppDelegate.h */ = {isa = PBXFileReference; lastKnownFileType = sourcecode.c.h; path = AppDelegate.h; sourceTree = "<group>"; };
		DF337E6B1AD2F5F9001CA285 /* AppDelegate.m */ = {isa = PBXFileReference; lastKnownFileType = sourcecode.c.objc; path = AppDelegate.m; sourceTree = "<group>"; };
		DF337E741AD2F5F9001CA285 /* Base */ = {isa = PBXFileReference; lastKnownFileType = file.storyboard; name = Base; path = Base.lproj/Main.storyboard; sourceTree = "<group>"; };
		DF337E761AD2F5F9001CA285 /* Images.xcassets */ = {isa = PBXFileReference; lastKnownFileType = folder.assetcatalog; path = Images.xcassets; sourceTree = "<group>"; };
		DF337E791AD2F5F9001CA285 /* Base */ = {isa = PBXFileReference; lastKnownFileType = file.xib; name = Base; path = Base.lproj/LaunchScreen.xib; sourceTree = "<group>"; };
		DF337E7F1AD2F5F9001CA285 /* ETAccount_iOSTests.xctest */ = {isa = PBXFileReference; explicitFileType = wrapper.cfbundle; includeInIndex = 0; path = ETAccount_iOSTests.xctest; sourceTree = BUILT_PRODUCTS_DIR; };
		DF337E841AD2F5FA001CA285 /* Info.plist */ = {isa = PBXFileReference; lastKnownFileType = text.plist.xml; path = Info.plist; sourceTree = "<group>"; };
		DF337E851AD2F5FA001CA285 /* ETAccount_iOSTests.m */ = {isa = PBXFileReference; lastKnownFileType = sourcecode.c.objc; path = ETAccount_iOSTests.m; sourceTree = "<group>"; };
		DF337E931AD2F63E001CA285 /* ETHTTPUtility.h */ = {isa = PBXFileReference; fileEncoding = 4; lastKnownFileType = sourcecode.c.h; path = ETHTTPUtility.h; sourceTree = "<group>"; };
		DF337E941AD2F63E001CA285 /* ETHTTPUtility.m */ = {isa = PBXFileReference; fileEncoding = 4; lastKnownFileType = sourcecode.c.objc; path = ETHTTPUtility.m; sourceTree = "<group>"; };
		DF337E951AD2F63E001CA285 /* ETUtility.h */ = {isa = PBXFileReference; fileEncoding = 4; lastKnownFileType = sourcecode.c.h; path = ETUtility.h; sourceTree = "<group>"; };
		DF337E961AD2F63E001CA285 /* ETUtility.m */ = {isa = PBXFileReference; fileEncoding = 4; lastKnownFileType = sourcecode.c.objc; path = ETUtility.m; sourceTree = "<group>"; };
		DF337E971AD2F63E001CA285 /* ETXMLParser.h */ = {isa = PBXFileReference; fileEncoding = 4; lastKnownFileType = sourcecode.c.h; path = ETXMLParser.h; sourceTree = "<group>"; };
		DF337E981AD2F63E001CA285 /* ETXMLParser.m */ = {isa = PBXFileReference; fileEncoding = 4; lastKnownFileType = sourcecode.c.objc; path = ETXMLParser.m; sourceTree = "<group>"; };
		DF337E9A1AD2F63E001CA285 /* FMDatabase.h */ = {isa = PBXFileReference; fileEncoding = 4; lastKnownFileType = sourcecode.c.h; path = FMDatabase.h; sourceTree = "<group>"; };
		DF337E9B1AD2F63E001CA285 /* FMDatabase.m */ = {isa = PBXFileReference; fileEncoding = 4; lastKnownFileType = sourcecode.c.objc; path = FMDatabase.m; sourceTree = "<group>"; };
		DF337E9C1AD2F63E001CA285 /* FMResultSet.h */ = {isa = PBXFileReference; fileEncoding = 4; lastKnownFileType = sourcecode.c.h; path = FMResultSet.h; sourceTree = "<group>"; };
		DF337E9D1AD2F63E001CA285 /* FMResultSet.m */ = {isa = PBXFileReference; fileEncoding = 4; lastKnownFileType = sourcecode.c.objc; path = FMResultSet.m; sourceTree = "<group>"; };
		DF337E9F1AD2F63E001CA285 /* MapTileOverlay.h */ = {isa = PBXFileReference; fileEncoding = 4; lastKnownFileType = sourcecode.c.h; path = MapTileOverlay.h; sourceTree = "<group>"; };
		DF337EA01AD2F63E001CA285 /* MapTileOverlay.m */ = {isa = PBXFileReference; fileEncoding = 4; lastKnownFileType = sourcecode.c.objc; path = MapTileOverlay.m; sourceTree = "<group>"; };
		DF337EA21AD2F63E001CA285 /* MKMapView+ZoomLevel.h */ = {isa = PBXFileReference; fileEncoding = 4; lastKnownFileType = sourcecode.c.h; path = "MKMapView+ZoomLevel.h"; sourceTree = "<group>"; };
		DF337EA31AD2F63E001CA285 /* MKMapView+ZoomLevel.m */ = {isa = PBXFileReference; fileEncoding = 4; lastKnownFileType = sourcecode.c.objc; path = "MKMapView+ZoomLevel.m"; sourceTree = "<group>"; };
		DF337EA41AD2F63E001CA285 /* PODataManager.h */ = {isa = PBXFileReference; fileEncoding = 4; lastKnownFileType = sourcecode.c.h; path = PODataManager.h; sourceTree = "<group>"; };
		DF337EA51AD2F63E001CA285 /* PODataManager.m */ = {isa = PBXFileReference; fileEncoding = 4; lastKnownFileType = sourcecode.c.objc; path = PODataManager.m; sourceTree = "<group>"; };
		DF337EAE1AD2F646001CA285 /* Constants.h */ = {isa = PBXFileReference; fileEncoding = 4; lastKnownFileType = sourcecode.c.h; path = Constants.h; sourceTree = "<group>"; };
		DF337EAF1AD2F659001CA285 /* libsqlite3.0.dylib */ = {isa = PBXFileReference; lastKnownFileType = "compiled.mach-o.dylib"; name = libsqlite3.0.dylib; path = usr/lib/libsqlite3.0.dylib; sourceTree = SDKROOT; };
		DF358D421AD7479000972F9B /* ETAccountAddViewController.h */ = {isa = PBXFileReference; fileEncoding = 4; lastKnownFileType = sourcecode.c.h; name = ETAccountAddViewController.h; path = Account/ETAccountAddViewController.h; sourceTree = "<group>"; };
		DF358D431AD7479000972F9B /* ETAccountAddViewController.m */ = {isa = PBXFileReference; fileEncoding = 4; lastKnownFileType = sourcecode.c.objc; name = ETAccountAddViewController.m; path = Account/ETAccountAddViewController.m; sourceTree = "<group>"; };
		DF358D441AD7479000972F9B /* ETAccountAddViewController.xib */ = {isa = PBXFileReference; fileEncoding = 4; lastKnownFileType = file.xib; name = ETAccountAddViewController.xib; path = Account/ETAccountAddViewController.xib; sourceTree = "<group>"; };
		DF614C3C1BCFFE320015D662 /* ETAccountAddAccountTableViewController.h */ = {isa = PBXFileReference; fileEncoding = 4; lastKnownFileType = sourcecode.c.h; name = ETAccountAddAccountTableViewController.h; path = Item/ETAccountAddAccountTableViewController.h; sourceTree = "<group>"; };
		DF614C3D1BCFFE320015D662 /* ETAccountAddAccountTableViewController.m */ = {isa = PBXFileReference; fileEncoding = 4; lastKnownFileType = sourcecode.c.objc; name = ETAccountAddAccountTableViewController.m; path = Item/ETAccountAddAccountTableViewController.m; sourceTree = "<group>"; };
		DF614C421BD0048F0015D662 /* ETAccountAddTableViewCell.h */ = {isa = PBXFileReference; fileEncoding = 4; lastKnownFileType = sourcecode.c.h; name = ETAccountAddTableViewCell.h; path = Deal/ETAccountAddTableViewCell.h; sourceTree = "<group>"; };
		DF614C431BD0048F0015D662 /* ETAccountAddTableViewCell.m */ = {isa = PBXFileReference; fileEncoding = 4; lastKnownFileType = sourcecode.c.objc; name = ETAccountAddTableViewCell.m; path = Deal/ETAccountAddTableViewCell.m; sourceTree = "<group>"; };
		DF614C441BD0048F0015D662 /* ETAccountAddDealTableViewController.h */ = {isa = PBXFileReference; fileEncoding = 4; lastKnownFileType = sourcecode.c.h; name = ETAccountAddDealTableViewController.h; path = Deal/ETAccountAddDealTableViewController.h; sourceTree = "<group>"; };
		DF614C451BD0048F0015D662 /* ETAccountAddDealTableViewController.m */ = {isa = PBXFileReference; fileEncoding = 4; lastKnownFileType = sourcecode.c.objc; name = ETAccountAddDealTableViewController.m; path = Deal/ETAccountAddDealTableViewController.m; sourceTree = "<group>"; };
		DF614C461BD0048F0015D662 /* ETAccountDealViewController.h */ = {isa = PBXFileReference; fileEncoding = 4; lastKnownFileType = sourcecode.c.h; name = ETAccountDealViewController.h; path = Deal/ETAccountDealViewController.h; sourceTree = "<group>"; };
		DF614C471BD0048F0015D662 /* ETAccountDealViewController.m */ = {isa = PBXFileReference; fileEncoding = 4; lastKnownFileType = sourcecode.c.objc; name = ETAccountDealViewController.m; path = Deal/ETAccountDealViewController.m; sourceTree = "<group>"; };
		DF614C481BD0048F0015D662 /* ETAccountTableViewCell.h */ = {isa = PBXFileReference; fileEncoding = 4; lastKnownFileType = sourcecode.c.h; name = ETAccountTableViewCell.h; path = Deal/ETAccountTableViewCell.h; sourceTree = "<group>"; };
		DF614C491BD0048F0015D662 /* ETAccountTableViewCell.m */ = {isa = PBXFileReference; fileEncoding = 4; lastKnownFileType = sourcecode.c.objc; name = ETAccountTableViewCell.m; path = Deal/ETAccountTableViewCell.m; sourceTree = "<group>"; };
		DFAA41D71BD52EB300DEC501 /* ETAccount.sqlite */ = {isa = PBXFileReference; lastKnownFileType = file; name = ETAccount.sqlite; path = ../../../../ETAccount.sqlite; sourceTree = "<group>"; };
		DFAA41D91BD5356300DEC501 /* ETAccountDealDetailViewController.h */ = {isa = PBXFileReference; fileEncoding = 4; lastKnownFileType = sourcecode.c.h; name = ETAccountDealDetailViewController.h; path = Deal/ETAccountDealDetailViewController.h; sourceTree = "<group>"; };
		DFAA41DA1BD5356300DEC501 /* ETAccountDealDetailViewController.m */ = {isa = PBXFileReference; fileEncoding = 4; lastKnownFileType = sourcecode.c.objc; name = ETAccountDealDetailViewController.m; path = Deal/ETAccountDealDetailViewController.m; sourceTree = "<group>"; };
/* End PBXFileReference section */

/* Begin PBXFrameworksBuildPhase section */
		DF337E601AD2F5F9001CA285 /* Frameworks */ = {
			isa = PBXFrameworksBuildPhase;
			buildActionMask = 2147483647;
			files = (
				DF337EB01AD2F659001CA285 /* libsqlite3.0.dylib in Frameworks */,
			);
			runOnlyForDeploymentPostprocessing = 0;
		};
		DF337E7C1AD2F5F9001CA285 /* Frameworks */ = {
			isa = PBXFrameworksBuildPhase;
			buildActionMask = 2147483647;
			files = (
			);
			runOnlyForDeploymentPostprocessing = 0;
		};
/* End PBXFrameworksBuildPhase section */

/* Begin PBXGroup section */
		DF0CFB2D1BAC420100A98D88 /* Home */ = {
			isa = PBXGroup;
			children = (
				DF0CFB2A1BAC41FE00A98D88 /* ETAccountHomeViewController.h */,
				DF0CFB2B1BAC41FE00A98D88 /* ETAccountHomeViewController.m */,
			);
			name = Home;
			sourceTree = "<group>";
		};
		DF0CFB3B1BAE749900A98D88 /* deprecated (addView) */ = {
			isa = PBXGroup;
			children = (
				DF358D421AD7479000972F9B /* ETAccountAddViewController.h */,
				DF358D431AD7479000972F9B /* ETAccountAddViewController.m */,
				DF358D441AD7479000972F9B /* ETAccountAddViewController.xib */,
			);
			name = "deprecated (addView)";
			sourceTree = "<group>";
		};
		DF337E5A1AD2F5F9001CA285 = {
			isa = PBXGroup;
			children = (
				DF337E651AD2F5F9001CA285 /* ETAccount_iOS */,
				DF337E821AD2F5F9001CA285 /* ETAccount_iOSTests */,
				DF337E641AD2F5F9001CA285 /* Products */,
			);
			sourceTree = "<group>";
		};
		DF337E641AD2F5F9001CA285 /* Products */ = {
			isa = PBXGroup;
			children = (
				DF337E631AD2F5F9001CA285 /* ETAccount_iOS.app */,
				DF337E7F1AD2F5F9001CA285 /* ETAccount_iOSTests.xctest */,
			);
			name = Products;
			sourceTree = "<group>";
		};
		DF337E651AD2F5F9001CA285 /* ETAccount_iOS */ = {
			isa = PBXGroup;
			children = (
				DF337E6A1AD2F5F9001CA285 /* AppDelegate.h */,
				DF337E6B1AD2F5F9001CA285 /* AppDelegate.m */,
				DF0CFB2E1BAC48FE00A98D88 /* DetailViewController.h */,
				DF0CFB2F1BAC48FE00A98D88 /* DetailViewController.m */,
				DF0CFB2D1BAC420100A98D88 /* Home */,
				DF614C3F1BCFFE3E0015D662 /* Account */,
				DF614C4E1BD004920015D662 /* Deal */,
				DF337E731AD2F5F9001CA285 /* Main.storyboard */,
				DF337E761AD2F5F9001CA285 /* Images.xcassets */,
				DF337E781AD2F5F9001CA285 /* LaunchScreen.xib */,
				DF337EAE1AD2F646001CA285 /* Constants.h */,
				DF337E921AD2F63E001CA285 /* Utility */,
				DF337EB11AD2F663001CA285 /* Framework */,
				DF337E8F1AD2F617001CA285 /* Resources */,
				DF337E661AD2F5F9001CA285 /* Supporting Files */,
			);
			path = ETAccount_iOS;
			sourceTree = "<group>";
		};
		DF337E661AD2F5F9001CA285 /* Supporting Files */ = {
			isa = PBXGroup;
			children = (
				DF337E671AD2F5F9001CA285 /* Info.plist */,
				DF337E681AD2F5F9001CA285 /* main.m */,
			);
			name = "Supporting Files";
			sourceTree = "<group>";
		};
		DF337E821AD2F5F9001CA285 /* ETAccount_iOSTests */ = {
			isa = PBXGroup;
			children = (
				DF337E851AD2F5FA001CA285 /* ETAccount_iOSTests.m */,
				DF337E831AD2F5FA001CA285 /* Supporting Files */,
			);
			path = ETAccount_iOSTests;
			sourceTree = "<group>";
		};
		DF337E831AD2F5FA001CA285 /* Supporting Files */ = {
			isa = PBXGroup;
			children = (
				DF337E841AD2F5FA001CA285 /* Info.plist */,
			);
			name = "Supporting Files";
			sourceTree = "<group>";
		};
		DF337E8F1AD2F617001CA285 /* Resources */ = {
			isa = PBXGroup;
			children = (
				DFAA41D71BD52EB300DEC501 /* ETAccount.sqlite */,
			);
			path = Resources;
			sourceTree = "<group>";
		};
		DF337E921AD2F63E001CA285 /* Utility */ = {
			isa = PBXGroup;
			children = (
				DF2BC5281BD2A0DD00AAF616 /* ETAccountDBManager.h */,
				DF2BC5291BD2A0DD00AAF616 /* ETAccountDBManager.m */,
				DF337E931AD2F63E001CA285 /* ETHTTPUtility.h */,
				DF337E941AD2F63E001CA285 /* ETHTTPUtility.m */,
				DF337E951AD2F63E001CA285 /* ETUtility.h */,
				DF337E961AD2F63E001CA285 /* ETUtility.m */,
				DF0CFB351BAE5D6800A98D88 /* ETFormatter.h */,
				DF0CFB361BAE5D6800A98D88 /* ETFormatter.m */,
				DF337E971AD2F63E001CA285 /* ETXMLParser.h */,
				DF337E981AD2F63E001CA285 /* ETXMLParser.m */,
				DF337E991AD2F63E001CA285 /* FMDatabase */,
				DF337E9E1AD2F63E001CA285 /* MapTileOverlay */,
				DF337EA11AD2F63E001CA285 /* MKMapView+ZoomLevel */,
				DF337EA41AD2F63E001CA285 /* PODataManager.h */,
				DF337EA51AD2F63E001CA285 /* PODataManager.m */,
			);
			path = Utility;
			sourceTree = "<group>";
		};
		DF337E991AD2F63E001CA285 /* FMDatabase */ = {
			isa = PBXGroup;
			children = (
				DF337E9A1AD2F63E001CA285 /* FMDatabase.h */,
				DF337E9B1AD2F63E001CA285 /* FMDatabase.m */,
				DF337E9C1AD2F63E001CA285 /* FMResultSet.h */,
				DF337E9D1AD2F63E001CA285 /* FMResultSet.m */,
			);
			path = FMDatabase;
			sourceTree = "<group>";
		};
		DF337E9E1AD2F63E001CA285 /* MapTileOverlay */ = {
			isa = PBXGroup;
			children = (
				DF337E9F1AD2F63E001CA285 /* MapTileOverlay.h */,
				DF337EA01AD2F63E001CA285 /* MapTileOverlay.m */,
			);
			path = MapTileOverlay;
			sourceTree = "<group>";
		};
		DF337EA11AD2F63E001CA285 /* MKMapView+ZoomLevel */ = {
			isa = PBXGroup;
			children = (
				DF337EA21AD2F63E001CA285 /* MKMapView+ZoomLevel.h */,
				DF337EA31AD2F63E001CA285 /* MKMapView+ZoomLevel.m */,
			);
			path = "MKMapView+ZoomLevel";
			sourceTree = "<group>";
		};
		DF337EB11AD2F663001CA285 /* Framework */ = {
			isa = PBXGroup;
			children = (
				DF337EAF1AD2F659001CA285 /* libsqlite3.0.dylib */,
			);
			name = Framework;
			sourceTree = "<group>";
		};
		DF614C3F1BCFFE3E0015D662 /* Account */ = {
			isa = PBXGroup;
			children = (
				DF614C3C1BCFFE320015D662 /* ETAccountAddAccountTableViewController.h */,
				DF614C3D1BCFFE320015D662 /* ETAccountAddAccountTableViewController.m */,
			);
			name = Account;
			sourceTree = "<group>";
		};
		DF614C4E1BD004920015D662 /* Deal */ = {
			isa = PBXGroup;
			children = (
				DF0CFB3B1BAE749900A98D88 /* deprecated (addView) */,
				DF614C4F1BD005220015D662 /* Add Deal */,
				DFAA41DC1BD5356B00DEC501 /* Deal Detail */,
				DF614C461BD0048F0015D662 /* ETAccountDealViewController.h */,
				DF614C471BD0048F0015D662 /* ETAccountDealViewController.m */,
				DF614C481BD0048F0015D662 /* ETAccountTableViewCell.h */,
				DF614C491BD0048F0015D662 /* ETAccountTableViewCell.m */,
			);
			name = Deal;
			sourceTree = "<group>";
		};
		DF614C4F1BD005220015D662 /* Add Deal */ = {
			isa = PBXGroup;
			children = (
				DF614C441BD0048F0015D662 /* ETAccountAddDealTableViewController.h */,
				DF614C451BD0048F0015D662 /* ETAccountAddDealTableViewController.m */,
				DF614C421BD0048F0015D662 /* ETAccountAddTableViewCell.h */,
				DF614C431BD0048F0015D662 /* ETAccountAddTableViewCell.m */,
			);
			name = "Add Deal";
			sourceTree = "<group>";
		};
		DFAA41DC1BD5356B00DEC501 /* Deal Detail */ = {
			isa = PBXGroup;
			children = (
				DFAA41D91BD5356300DEC501 /* ETAccountDealDetailViewController.h */,
				DFAA41DA1BD5356300DEC501 /* ETAccountDealDetailViewController.m */,
			);
			name = "Deal Detail";
			sourceTree = "<group>";
		};
/* End PBXGroup section */

/* Begin PBXNativeTarget section */
		DF337E621AD2F5F9001CA285 /* ETAccount_iOS */ = {
			isa = PBXNativeTarget;
			buildConfigurationList = DF337E891AD2F5FA001CA285 /* Build configuration list for PBXNativeTarget "ETAccount_iOS" */;
			buildPhases = (
				DF337E5F1AD2F5F9001CA285 /* Sources */,
				DF337E601AD2F5F9001CA285 /* Frameworks */,
				DF337E611AD2F5F9001CA285 /* Resources */,
			);
			buildRules = (
			);
			dependencies = (
			);
			name = ETAccount_iOS;
			productName = ETAccount_iOS;
			productReference = DF337E631AD2F5F9001CA285 /* ETAccount_iOS.app */;
			productType = "com.apple.product-type.application";
		};
		DF337E7E1AD2F5F9001CA285 /* ETAccount_iOSTests */ = {
			isa = PBXNativeTarget;
			buildConfigurationList = DF337E8C1AD2F5FA001CA285 /* Build configuration list for PBXNativeTarget "ETAccount_iOSTests" */;
			buildPhases = (
				DF337E7B1AD2F5F9001CA285 /* Sources */,
				DF337E7C1AD2F5F9001CA285 /* Frameworks */,
				DF337E7D1AD2F5F9001CA285 /* Resources */,
			);
			buildRules = (
			);
			dependencies = (
				DF337E811AD2F5F9001CA285 /* PBXTargetDependency */,
			);
			name = ETAccount_iOSTests;
			productName = ETAccount_iOSTests;
			productReference = DF337E7F1AD2F5F9001CA285 /* ETAccount_iOSTests.xctest */;
			productType = "com.apple.product-type.bundle.unit-test";
		};
/* End PBXNativeTarget section */

/* Begin PBXProject section */
		DF337E5B1AD2F5F9001CA285 /* Project object */ = {
			isa = PBXProject;
			attributes = {
				LastUpgradeCheck = 0700;
				ORGANIZATIONNAME = Eten;
				TargetAttributes = {
					DF337E621AD2F5F9001CA285 = {
						CreatedOnToolsVersion = 6.2;
						DevelopmentTeam = 3S69777QC9;
					};
					DF337E7E1AD2F5F9001CA285 = {
						CreatedOnToolsVersion = 6.2;
						TestTargetID = DF337E621AD2F5F9001CA285;
					};
				};
			};
			buildConfigurationList = DF337E5E1AD2F5F9001CA285 /* Build configuration list for PBXProject "ETAccount_iOS" */;
			compatibilityVersion = "Xcode 3.2";
			developmentRegion = English;
			hasScannedForEncodings = 0;
			knownRegions = (
				en,
				Base,
			);
			mainGroup = DF337E5A1AD2F5F9001CA285;
			productRefGroup = DF337E641AD2F5F9001CA285 /* Products */;
			projectDirPath = "";
			projectRoot = "";
			targets = (
				DF337E621AD2F5F9001CA285 /* ETAccount_iOS */,
				DF337E7E1AD2F5F9001CA285 /* ETAccount_iOSTests */,
			);
		};
/* End PBXProject section */

/* Begin PBXResourcesBuildPhase section */
		DF337E611AD2F5F9001CA285 /* Resources */ = {
			isa = PBXResourcesBuildPhase;
			buildActionMask = 2147483647;
			files = (
				DFAA41D81BD52EB300DEC501 /* ETAccount.sqlite in Resources */,
				DF337E751AD2F5F9001CA285 /* Main.storyboard in Resources */,
				DF337E7A1AD2F5F9001CA285 /* LaunchScreen.xib in Resources */,
				DF358D461AD7479000972F9B /* ETAccountAddViewController.xib in Resources */,
				DF337E771AD2F5F9001CA285 /* Images.xcassets in Resources */,
			);
			runOnlyForDeploymentPostprocessing = 0;
		};
		DF337E7D1AD2F5F9001CA285 /* Resources */ = {
			isa = PBXResourcesBuildPhase;
			buildActionMask = 2147483647;
			files = (
			);
			runOnlyForDeploymentPostprocessing = 0;
		};
/* End PBXResourcesBuildPhase section */

/* Begin PBXSourcesBuildPhase section */
		DF337E5F1AD2F5F9001CA285 /* Sources */ = {
			isa = PBXSourcesBuildPhase;
			buildActionMask = 2147483647;
			files = (
				DF614C4D1BD0048F0015D662 /* ETAccountTableViewCell.m in Sources */,
				DF337E6C1AD2F5F9001CA285 /* AppDelegate.m in Sources */,
				DF337E691AD2F5F9001CA285 /* main.m in Sources */,
				DF337EA61AD2F63E001CA285 /* ETHTTPUtility.m in Sources */,
				DFAA41DB1BD5356300DEC501 /* ETAccountDealDetailViewController.m in Sources */,
				DF337EA71AD2F63E001CA285 /* ETUtility.m in Sources */,
				DF614C3E1BCFFE320015D662 /* ETAccountAddAccountTableViewController.m in Sources */,
				DF614C4B1BD0048F0015D662 /* ETAccountAddDealTableViewController.m in Sources */,
				DF0CFB371BAE5D6800A98D88 /* ETFormatter.m in Sources */,
				DF0CFB301BAC48FE00A98D88 /* DetailViewController.m in Sources */,
				DF337EAA1AD2F63E001CA285 /* FMResultSet.m in Sources */,
				DF614C4A1BD0048F0015D662 /* ETAccountAddTableViewCell.m in Sources */,
				DF337EA81AD2F63E001CA285 /* ETXMLParser.m in Sources */,
				DF614C4C1BD0048F0015D662 /* ETAccountDealViewController.m in Sources */,
				DF337EAC1AD2F63E001CA285 /* MKMapView+ZoomLevel.m in Sources */,
				DF337EA91AD2F63E001CA285 /* FMDatabase.m in Sources */,
				DF337EAD1AD2F63E001CA285 /* PODataManager.m in Sources */,
				DF0CFB2C1BAC41FE00A98D88 /* ETAccountHomeViewController.m in Sources */,
				DF337EAB1AD2F63E001CA285 /* MapTileOverlay.m in Sources */,
				DF2BC52A1BD2A0DD00AAF616 /* ETAccountDBManager.m in Sources */,
				DF358D451AD7479000972F9B /* ETAccountAddViewController.m in Sources */,
			);
			runOnlyForDeploymentPostprocessing = 0;
		};
		DF337E7B1AD2F5F9001CA285 /* Sources */ = {
			isa = PBXSourcesBuildPhase;
			buildActionMask = 2147483647;
			files = (
				DF337E861AD2F5FA001CA285 /* ETAccount_iOSTests.m in Sources */,
			);
			runOnlyForDeploymentPostprocessing = 0;
		};
/* End PBXSourcesBuildPhase section */

/* Begin PBXTargetDependency section */
		DF337E811AD2F5F9001CA285 /* PBXTargetDependency */ = {
			isa = PBXTargetDependency;
			target = DF337E621AD2F5F9001CA285 /* ETAccount_iOS */;
			targetProxy = DF337E801AD2F5F9001CA285 /* PBXContainerItemProxy */;
		};
/* End PBXTargetDependency section */

/* Begin PBXVariantGroup section */
		DF337E731AD2F5F9001CA285 /* Main.storyboard */ = {
			isa = PBXVariantGroup;
			children = (
				DF337E741AD2F5F9001CA285 /* Base */,
			);
			name = Main.storyboard;
			sourceTree = "<group>";
		};
		DF337E781AD2F5F9001CA285 /* LaunchScreen.xib */ = {
			isa = PBXVariantGroup;
			children = (
				DF337E791AD2F5F9001CA285 /* Base */,
			);
			name = LaunchScreen.xib;
			sourceTree = "<group>";
		};
/* End PBXVariantGroup section */

/* Begin XCBuildConfiguration section */
		DF337E871AD2F5FA001CA285 /* Debug */ = {
			isa = XCBuildConfiguration;
			buildSettings = {
				ALWAYS_SEARCH_USER_PATHS = NO;
				CLANG_CXX_LANGUAGE_STANDARD = "gnu++0x";
				CLANG_CXX_LIBRARY = "libc++";
				CLANG_ENABLE_MODULES = YES;
				CLANG_ENABLE_OBJC_ARC = YES;
				CLANG_WARN_BOOL_CONVERSION = YES;
				CLANG_WARN_CONSTANT_CONVERSION = YES;
				CLANG_WARN_DIRECT_OBJC_ISA_USAGE = YES_ERROR;
				CLANG_WARN_EMPTY_BODY = YES;
				CLANG_WARN_ENUM_CONVERSION = YES;
				CLANG_WARN_INT_CONVERSION = YES;
				CLANG_WARN_OBJC_ROOT_CLASS = YES_ERROR;
				CLANG_WARN_UNREACHABLE_CODE = YES;
				CLANG_WARN__DUPLICATE_METHOD_MATCH = YES;
				"CODE_SIGN_IDENTITY[sdk=iphoneos*]" = "iPhone Developer";
				COPY_PHASE_STRIP = NO;
				ENABLE_STRICT_OBJC_MSGSEND = YES;
				ENABLE_TESTABILITY = YES;
				GCC_C_LANGUAGE_STANDARD = gnu99;
				GCC_DYNAMIC_NO_PIC = NO;
				GCC_OPTIMIZATION_LEVEL = 0;
				GCC_PREPROCESSOR_DEFINITIONS = (
					"DEBUG=1",
					"$(inherited)",
				);
				GCC_SYMBOLS_PRIVATE_EXTERN = NO;
				GCC_WARN_64_TO_32_BIT_CONVERSION = YES;
				GCC_WARN_ABOUT_RETURN_TYPE = YES_ERROR;
				GCC_WARN_UNDECLARED_SELECTOR = YES;
				GCC_WARN_UNINITIALIZED_AUTOS = YES_AGGRESSIVE;
				GCC_WARN_UNUSED_FUNCTION = YES;
				GCC_WARN_UNUSED_VARIABLE = YES;
				IPHONEOS_DEPLOYMENT_TARGET = 8.2;
				MTL_ENABLE_DEBUG_INFO = YES;
				ONLY_ACTIVE_ARCH = YES;
				SDKROOT = iphoneos;
				TARGETED_DEVICE_FAMILY = "1,2";
			};
			name = Debug;
		};
		DF337E881AD2F5FA001CA285 /* Release */ = {
			isa = XCBuildConfiguration;
			buildSettings = {
				ALWAYS_SEARCH_USER_PATHS = NO;
				CLANG_CXX_LANGUAGE_STANDARD = "gnu++0x";
				CLANG_CXX_LIBRARY = "libc++";
				CLANG_ENABLE_MODULES = YES;
				CLANG_ENABLE_OBJC_ARC = YES;
				CLANG_WARN_BOOL_CONVERSION = YES;
				CLANG_WARN_CONSTANT_CONVERSION = YES;
				CLANG_WARN_DIRECT_OBJC_ISA_USAGE = YES_ERROR;
				CLANG_WARN_EMPTY_BODY = YES;
				CLANG_WARN_ENUM_CONVERSION = YES;
				CLANG_WARN_INT_CONVERSION = YES;
				CLANG_WARN_OBJC_ROOT_CLASS = YES_ERROR;
				CLANG_WARN_UNREACHABLE_CODE = YES;
				CLANG_WARN__DUPLICATE_METHOD_MATCH = YES;
				"CODE_SIGN_IDENTITY[sdk=iphoneos*]" = "iPhone Developer";
				COPY_PHASE_STRIP = NO;
				ENABLE_NS_ASSERTIONS = NO;
				ENABLE_STRICT_OBJC_MSGSEND = YES;
				GCC_C_LANGUAGE_STANDARD = gnu99;
				GCC_WARN_64_TO_32_BIT_CONVERSION = YES;
				GCC_WARN_ABOUT_RETURN_TYPE = YES_ERROR;
				GCC_WARN_UNDECLARED_SELECTOR = YES;
				GCC_WARN_UNINITIALIZED_AUTOS = YES_AGGRESSIVE;
				GCC_WARN_UNUSED_FUNCTION = YES;
				GCC_WARN_UNUSED_VARIABLE = YES;
				IPHONEOS_DEPLOYMENT_TARGET = 8.2;
				MTL_ENABLE_DEBUG_INFO = NO;
				SDKROOT = iphoneos;
				TARGETED_DEVICE_FAMILY = "1,2";
				VALIDATE_PRODUCT = YES;
			};
			name = Release;
		};
		DF337E8A1AD2F5FA001CA285 /* Debug */ = {
			isa = XCBuildConfiguration;
			buildSettings = {
				ASSETCATALOG_COMPILER_APPICON_NAME = AppIcon;
				CODE_SIGN_IDENTITY = "iPhone Developer";
				"CODE_SIGN_IDENTITY[sdk=iphoneos*]" = "iPhone Developer";
				INFOPLIST_FILE = ETAccount_iOS/Info.plist;
				LD_RUNPATH_SEARCH_PATHS = "$(inherited) @executable_path/Frameworks";
				PRODUCT_BUNDLE_IDENTIFIER = "com.Eten.$(PRODUCT_NAME:rfc1034identifier)";
				PRODUCT_NAME = "$(TARGET_NAME)";
				PROVISIONING_PROFILE = "";
			};
			name = Debug;
		};
		DF337E8B1AD2F5FA001CA285 /* Release */ = {
			isa = XCBuildConfiguration;
			buildSettings = {
				ASSETCATALOG_COMPILER_APPICON_NAME = AppIcon;
				CODE_SIGN_IDENTITY = "iPhone Developer";
				"CODE_SIGN_IDENTITY[sdk=iphoneos*]" = "iPhone Developer";
				INFOPLIST_FILE = ETAccount_iOS/Info.plist;
				LD_RUNPATH_SEARCH_PATHS = "$(inherited) @executable_path/Frameworks";
				PRODUCT_BUNDLE_IDENTIFIER = "com.Eten.$(PRODUCT_NAME:rfc1034identifier)";
				PRODUCT_NAME = "$(TARGET_NAME)";
				PROVISIONING_PROFILE = "";
			};
			name = Release;
		};
		DF337E8D1AD2F5FA001CA285 /* Debug */ = {
			isa = XCBuildConfiguration;
			buildSettings = {
				BUNDLE_LOADER = "$(TEST_HOST)";
				FRAMEWORK_SEARCH_PATHS = (
					"$(SDKROOT)/Developer/Library/Frameworks",
					"$(inherited)",
				);
				GCC_PREPROCESSOR_DEFINITIONS = (
					"DEBUG=1",
					"$(inherited)",
				);
				INFOPLIST_FILE = ETAccount_iOSTests/Info.plist;
				LD_RUNPATH_SEARCH_PATHS = "$(inherited) @executable_path/Frameworks @loader_path/Frameworks";
				PRODUCT_BUNDLE_IDENTIFIER = "com.Eten.$(PRODUCT_NAME:rfc1034identifier)";
				PRODUCT_NAME = "$(TARGET_NAME)";
				TEST_HOST = "$(BUILT_PRODUCTS_DIR)/ETAccount_iOS.app/ETAccount_iOS";
			};
			name = Debug;
		};
		DF337E8E1AD2F5FA001CA285 /* Release */ = {
			isa = XCBuildConfiguration;
			buildSettings = {
				BUNDLE_LOADER = "$(TEST_HOST)";
				FRAMEWORK_SEARCH_PATHS = (
					"$(SDKROOT)/Developer/Library/Frameworks",
					"$(inherited)",
				);
				INFOPLIST_FILE = ETAccount_iOSTests/Info.plist;
				LD_RUNPATH_SEARCH_PATHS = "$(inherited) @executable_path/Frameworks @loader_path/Frameworks";
				PRODUCT_BUNDLE_IDENTIFIER = "com.Eten.$(PRODUCT_NAME:rfc1034identifier)";
				PRODUCT_NAME = "$(TARGET_NAME)";
				TEST_HOST = "$(BUILT_PRODUCTS_DIR)/ETAccount_iOS.app/ETAccount_iOS";
			};
			name = Release;
		};
/* End XCBuildConfiguration section */

/* Begin XCConfigurationList section */
		DF337E5E1AD2F5F9001CA285 /* Build configuration list for PBXProject "ETAccount_iOS" */ = {
			isa = XCConfigurationList;
			buildConfigurations = (
				DF337E871AD2F5FA001CA285 /* Debug */,
				DF337E881AD2F5FA001CA285 /* Release */,
			);
			defaultConfigurationIsVisible = 0;
			defaultConfigurationName = Release;
		};
		DF337E891AD2F5FA001CA285 /* Build configuration list for PBXNativeTarget "ETAccount_iOS" */ = {
			isa = XCConfigurationList;
			buildConfigurations = (
				DF337E8A1AD2F5FA001CA285 /* Debug */,
				DF337E8B1AD2F5FA001CA285 /* Release */,
			);
			defaultConfigurationIsVisible = 0;
			defaultConfigurationName = Release;
		};
		DF337E8C1AD2F5FA001CA285 /* Build configuration list for PBXNativeTarget "ETAccount_iOSTests" */ = {
			isa = XCConfigurationList;
			buildConfigurations = (
				DF337E8D1AD2F5FA001CA285 /* Debug */,
				DF337E8E1AD2F5FA001CA285 /* Release */,
			);
			defaultConfigurationIsVisible = 0;
			defaultConfigurationName = Release;
		};
/* End XCConfigurationList section */
	};
	rootObject = DF337E5B1AD2F5F9001CA285 /* Project object */;
}
