// !$*UTF8*$!
{
	archiveVersion = 1;
	classes = {
	};
	objectVersion = 46;
	objects = {

/* Begin PBXBuildFile section */
		DF337E151AD2EF0F001CA285 /* AppDelegate.m in Sources */ = {isa = PBXBuildFile; fileRef = DF337E141AD2EF0F001CA285 /* AppDelegate.m */; };
		DF337E171AD2EF0F001CA285 /* main.m in Sources */ = {isa = PBXBuildFile; fileRef = DF337E161AD2EF0F001CA285 /* main.m */; };
		DF337E1A1AD2EF0F001CA285 /* ViewController.m in Sources */ = {isa = PBXBuildFile; fileRef = DF337E191AD2EF0F001CA285 /* ViewController.m */; };
		DF337E1D1AD2EF0F001CA285 /* Document.m in Sources */ = {isa = PBXBuildFile; fileRef = DF337E1C1AD2EF0F001CA285 /* Document.m */; };
		DF337E1F1AD2EF0F001CA285 /* Images.xcassets in Resources */ = {isa = PBXBuildFile; fileRef = DF337E1E1AD2EF0F001CA285 /* Images.xcassets */; };
		DF337E221AD2EF10001CA285 /* Main.storyboard in Resources */ = {isa = PBXBuildFile; fileRef = DF337E201AD2EF0F001CA285 /* Main.storyboard */; };
		DF337E2E1AD2EF10001CA285 /* ETAccount_MacTests.m in Sources */ = {isa = PBXBuildFile; fileRef = DF337E2D1AD2EF10001CA285 /* ETAccount_MacTests.m */; };
		DF337E4D1AD2EF70001CA285 /* ETAccount.sqlite in Resources */ = {isa = PBXBuildFile; fileRef = DF337E381AD2EF70001CA285 /* ETAccount.sqlite */; };
		DF337E4E1AD2EF70001CA285 /* ETHTTPUtility.m in Sources */ = {isa = PBXBuildFile; fileRef = DF337E3B1AD2EF70001CA285 /* ETHTTPUtility.m */; };
		DF337E4F1AD2EF70001CA285 /* ETUtility.m in Sources */ = {isa = PBXBuildFile; fileRef = DF337E3D1AD2EF70001CA285 /* ETUtility.m */; };
		DF337E501AD2EF70001CA285 /* ETXMLParser.m in Sources */ = {isa = PBXBuildFile; fileRef = DF337E3F1AD2EF70001CA285 /* ETXMLParser.m */; };
		DF337E511AD2EF70001CA285 /* FMDatabase.m in Sources */ = {isa = PBXBuildFile; fileRef = DF337E421AD2EF70001CA285 /* FMDatabase.m */; settings = {COMPILER_FLAGS = "-fno-objc-arc"; }; };
		DF337E521AD2EF70001CA285 /* FMResultSet.m in Sources */ = {isa = PBXBuildFile; fileRef = DF337E441AD2EF70001CA285 /* FMResultSet.m */; settings = {COMPILER_FLAGS = "-fno-objc-arc"; }; };
		DF337E551AD2EF70001CA285 /* PODataManager.m in Sources */ = {isa = PBXBuildFile; fileRef = DF337E4C1AD2EF70001CA285 /* PODataManager.m */; };
		DF337E581AD2F172001CA285 /* libsqlite3.0.dylib in Frameworks */ = {isa = PBXBuildFile; fileRef = DF337E571AD2F172001CA285 /* libsqlite3.0.dylib */; };
/* End PBXBuildFile section */

/* Begin PBXContainerItemProxy section */
		DF337E281AD2EF10001CA285 /* PBXContainerItemProxy */ = {
			isa = PBXContainerItemProxy;
			containerPortal = DF337E061AD2EF0F001CA285 /* Project object */;
			proxyType = 1;
			remoteGlobalIDString = DF337E0D1AD2EF0F001CA285;
			remoteInfo = ETAccount_Mac;
		};
/* End PBXContainerItemProxy section */

/* Begin PBXFileReference section */
		DF337E0E1AD2EF0F001CA285 /* ETAccount_Mac.app */ = {isa = PBXFileReference; explicitFileType = wrapper.application; includeInIndex = 0; path = ETAccount_Mac.app; sourceTree = BUILT_PRODUCTS_DIR; };
		DF337E121AD2EF0F001CA285 /* Info.plist */ = {isa = PBXFileReference; lastKnownFileType = text.plist.xml; path = Info.plist; sourceTree = "<group>"; };
		DF337E131AD2EF0F001CA285 /* AppDelegate.h */ = {isa = PBXFileReference; lastKnownFileType = sourcecode.c.h; path = AppDelegate.h; sourceTree = "<group>"; };
		DF337E141AD2EF0F001CA285 /* AppDelegate.m */ = {isa = PBXFileReference; lastKnownFileType = sourcecode.c.objc; path = AppDelegate.m; sourceTree = "<group>"; };
		DF337E161AD2EF0F001CA285 /* main.m */ = {isa = PBXFileReference; lastKnownFileType = sourcecode.c.objc; path = main.m; sourceTree = "<group>"; };
		DF337E181AD2EF0F001CA285 /* ViewController.h */ = {isa = PBXFileReference; lastKnownFileType = sourcecode.c.h; path = ViewController.h; sourceTree = "<group>"; };
		DF337E191AD2EF0F001CA285 /* ViewController.m */ = {isa = PBXFileReference; lastKnownFileType = sourcecode.c.objc; path = ViewController.m; sourceTree = "<group>"; };
		DF337E1B1AD2EF0F001CA285 /* Document.h */ = {isa = PBXFileReference; lastKnownFileType = sourcecode.c.h; path = Document.h; sourceTree = "<group>"; };
		DF337E1C1AD2EF0F001CA285 /* Document.m */ = {isa = PBXFileReference; lastKnownFileType = sourcecode.c.objc; path = Document.m; sourceTree = "<group>"; };
		DF337E1E1AD2EF0F001CA285 /* Images.xcassets */ = {isa = PBXFileReference; lastKnownFileType = folder.assetcatalog; path = Images.xcassets; sourceTree = "<group>"; };
		DF337E211AD2EF10001CA285 /* Base */ = {isa = PBXFileReference; lastKnownFileType = file.storyboard; name = Base; path = Base.lproj/Main.storyboard; sourceTree = "<group>"; };
		DF337E271AD2EF10001CA285 /* ETAccount_MacTests.xctest */ = {isa = PBXFileReference; explicitFileType = wrapper.cfbundle; includeInIndex = 0; path = ETAccount_MacTests.xctest; sourceTree = BUILT_PRODUCTS_DIR; };
		DF337E2C1AD2EF10001CA285 /* Info.plist */ = {isa = PBXFileReference; lastKnownFileType = text.plist.xml; path = Info.plist; sourceTree = "<group>"; };
		DF337E2D1AD2EF10001CA285 /* ETAccount_MacTests.m */ = {isa = PBXFileReference; lastKnownFileType = sourcecode.c.objc; path = ETAccount_MacTests.m; sourceTree = "<group>"; };
		DF337E381AD2EF70001CA285 /* ETAccount.sqlite */ = {isa = PBXFileReference; lastKnownFileType = file; path = ETAccount.sqlite; sourceTree = "<group>"; };
		DF337E3A1AD2EF70001CA285 /* ETHTTPUtility.h */ = {isa = PBXFileReference; fileEncoding = 4; lastKnownFileType = sourcecode.c.h; path = ETHTTPUtility.h; sourceTree = "<group>"; };
		DF337E3B1AD2EF70001CA285 /* ETHTTPUtility.m */ = {isa = PBXFileReference; fileEncoding = 4; lastKnownFileType = sourcecode.c.objc; path = ETHTTPUtility.m; sourceTree = "<group>"; };
		DF337E3C1AD2EF70001CA285 /* ETUtility.h */ = {isa = PBXFileReference; fileEncoding = 4; lastKnownFileType = sourcecode.c.h; path = ETUtility.h; sourceTree = "<group>"; };
		DF337E3D1AD2EF70001CA285 /* ETUtility.m */ = {isa = PBXFileReference; fileEncoding = 4; lastKnownFileType = sourcecode.c.objc; path = ETUtility.m; sourceTree = "<group>"; };
		DF337E3E1AD2EF70001CA285 /* ETXMLParser.h */ = {isa = PBXFileReference; fileEncoding = 4; lastKnownFileType = sourcecode.c.h; path = ETXMLParser.h; sourceTree = "<group>"; };
		DF337E3F1AD2EF70001CA285 /* ETXMLParser.m */ = {isa = PBXFileReference; fileEncoding = 4; lastKnownFileType = sourcecode.c.objc; path = ETXMLParser.m; sourceTree = "<group>"; };
		DF337E411AD2EF70001CA285 /* FMDatabase.h */ = {isa = PBXFileReference; fileEncoding = 4; lastKnownFileType = sourcecode.c.h; path = FMDatabase.h; sourceTree = "<group>"; };
		DF337E421AD2EF70001CA285 /* FMDatabase.m */ = {isa = PBXFileReference; fileEncoding = 4; lastKnownFileType = sourcecode.c.objc; path = FMDatabase.m; sourceTree = "<group>"; };
		DF337E431AD2EF70001CA285 /* FMResultSet.h */ = {isa = PBXFileReference; fileEncoding = 4; lastKnownFileType = sourcecode.c.h; path = FMResultSet.h; sourceTree = "<group>"; };
		DF337E441AD2EF70001CA285 /* FMResultSet.m */ = {isa = PBXFileReference; fileEncoding = 4; lastKnownFileType = sourcecode.c.objc; path = FMResultSet.m; sourceTree = "<group>"; };
		DF337E4B1AD2EF70001CA285 /* PODataManager.h */ = {isa = PBXFileReference; fileEncoding = 4; lastKnownFileType = sourcecode.c.h; path = PODataManager.h; sourceTree = "<group>"; };
		DF337E4C1AD2EF70001CA285 /* PODataManager.m */ = {isa = PBXFileReference; fileEncoding = 4; lastKnownFileType = sourcecode.c.objc; path = PODataManager.m; sourceTree = "<group>"; };
		DF337E561AD2F04E001CA285 /* Constants.h */ = {isa = PBXFileReference; fileEncoding = 4; lastKnownFileType = sourcecode.c.h; path = Constants.h; sourceTree = "<group>"; };
		DF337E571AD2F172001CA285 /* libsqlite3.0.dylib */ = {isa = PBXFileReference; lastKnownFileType = "compiled.mach-o.dylib"; name = libsqlite3.0.dylib; path = usr/lib/libsqlite3.0.dylib; sourceTree = SDKROOT; };
/* End PBXFileReference section */

/* Begin PBXFrameworksBuildPhase section */
		DF337E0B1AD2EF0F001CA285 /* Frameworks */ = {
			isa = PBXFrameworksBuildPhase;
			buildActionMask = 2147483647;
			files = (
				DF337E581AD2F172001CA285 /* libsqlite3.0.dylib in Frameworks */,
			);
			runOnlyForDeploymentPostprocessing = 0;
		};
		DF337E241AD2EF10001CA285 /* Frameworks */ = {
			isa = PBXFrameworksBuildPhase;
			buildActionMask = 2147483647;
			files = (
			);
			runOnlyForDeploymentPostprocessing = 0;
		};
/* End PBXFrameworksBuildPhase section */

/* Begin PBXGroup section */
		DF337E051AD2EF0F001CA285 = {
			isa = PBXGroup;
			children = (
				DF337E101AD2EF0F001CA285 /* ETAccount_Mac */,
				DF337E2A1AD2EF10001CA285 /* ETAccount_MacTests */,
				DF337E0F1AD2EF0F001CA285 /* Products */,
			);
			sourceTree = "<group>";
		};
		DF337E0F1AD2EF0F001CA285 /* Products */ = {
			isa = PBXGroup;
			children = (
				DF337E0E1AD2EF0F001CA285 /* ETAccount_Mac.app */,
				DF337E271AD2EF10001CA285 /* ETAccount_MacTests.xctest */,
			);
			name = Products;
			sourceTree = "<group>";
		};
		DF337E101AD2EF0F001CA285 /* ETAccount_Mac */ = {
			isa = PBXGroup;
			children = (
				DF337E131AD2EF0F001CA285 /* AppDelegate.h */,
				DF337E141AD2EF0F001CA285 /* AppDelegate.m */,
				DF337E181AD2EF0F001CA285 /* ViewController.h */,
				DF337E191AD2EF0F001CA285 /* ViewController.m */,
				DF337E1B1AD2EF0F001CA285 /* Document.h */,
				DF337E1C1AD2EF0F001CA285 /* Document.m */,
				DF337E1E1AD2EF0F001CA285 /* Images.xcassets */,
				DF337E201AD2EF0F001CA285 /* Main.storyboard */,
				DF337E561AD2F04E001CA285 /* Constants.h */,
				DF337E371AD2EF70001CA285 /* Resources */,
				DF337E391AD2EF70001CA285 /* Utility */,
				DF337E591AD2F18E001CA285 /* Framework */,
				DF337E111AD2EF0F001CA285 /* Supporting Files */,
			);
			path = ETAccount_Mac;
			sourceTree = "<group>";
		};
		DF337E111AD2EF0F001CA285 /* Supporting Files */ = {
			isa = PBXGroup;
			children = (
				DF337E121AD2EF0F001CA285 /* Info.plist */,
				DF337E161AD2EF0F001CA285 /* main.m */,
			);
			name = "Supporting Files";
			sourceTree = "<group>";
		};
		DF337E2A1AD2EF10001CA285 /* ETAccount_MacTests */ = {
			isa = PBXGroup;
			children = (
				DF337E2D1AD2EF10001CA285 /* ETAccount_MacTests.m */,
				DF337E2B1AD2EF10001CA285 /* Supporting Files */,
			);
			path = ETAccount_MacTests;
			sourceTree = "<group>";
		};
		DF337E2B1AD2EF10001CA285 /* Supporting Files */ = {
			isa = PBXGroup;
			children = (
				DF337E2C1AD2EF10001CA285 /* Info.plist */,
			);
			name = "Supporting Files";
			sourceTree = "<group>";
		};
		DF337E371AD2EF70001CA285 /* Resources */ = {
			isa = PBXGroup;
			children = (
				DF337E381AD2EF70001CA285 /* ETAccount.sqlite */,
			);
			path = Resources;
			sourceTree = "<group>";
		};
		DF337E391AD2EF70001CA285 /* Utility */ = {
			isa = PBXGroup;
			children = (
				DF337E3A1AD2EF70001CA285 /* ETHTTPUtility.h */,
				DF337E3B1AD2EF70001CA285 /* ETHTTPUtility.m */,
				DF337E3C1AD2EF70001CA285 /* ETUtility.h */,
				DF337E3D1AD2EF70001CA285 /* ETUtility.m */,
				DF337E3E1AD2EF70001CA285 /* ETXMLParser.h */,
				DF337E3F1AD2EF70001CA285 /* ETXMLParser.m */,
				DF337E401AD2EF70001CA285 /* FMDatabase */,
				DF337E4B1AD2EF70001CA285 /* PODataManager.h */,
				DF337E4C1AD2EF70001CA285 /* PODataManager.m */,
			);
			path = Utility;
			sourceTree = "<group>";
		};
		DF337E401AD2EF70001CA285 /* FMDatabase */ = {
			isa = PBXGroup;
			children = (
				DF337E411AD2EF70001CA285 /* FMDatabase.h */,
				DF337E421AD2EF70001CA285 /* FMDatabase.m */,
				DF337E431AD2EF70001CA285 /* FMResultSet.h */,
				DF337E441AD2EF70001CA285 /* FMResultSet.m */,
			);
			path = FMDatabase;
			sourceTree = "<group>";
		};
		DF337E591AD2F18E001CA285 /* Framework */ = {
			isa = PBXGroup;
			children = (
				DF337E571AD2F172001CA285 /* libsqlite3.0.dylib */,
			);
			name = Framework;
			sourceTree = "<group>";
		};
/* End PBXGroup section */

/* Begin PBXNativeTarget section */
		DF337E0D1AD2EF0F001CA285 /* ETAccount_Mac */ = {
			isa = PBXNativeTarget;
			buildConfigurationList = DF337E311AD2EF10001CA285 /* Build configuration list for PBXNativeTarget "ETAccount_Mac" */;
			buildPhases = (
				DF337E0A1AD2EF0F001CA285 /* Sources */,
				DF337E0B1AD2EF0F001CA285 /* Frameworks */,
				DF337E0C1AD2EF0F001CA285 /* Resources */,
			);
			buildRules = (
			);
			dependencies = (
			);
			name = ETAccount_Mac;
			productName = ETAccount_Mac;
			productReference = DF337E0E1AD2EF0F001CA285 /* ETAccount_Mac.app */;
			productType = "com.apple.product-type.application";
		};
		DF337E261AD2EF10001CA285 /* ETAccount_MacTests */ = {
			isa = PBXNativeTarget;
			buildConfigurationList = DF337E341AD2EF10001CA285 /* Build configuration list for PBXNativeTarget "ETAccount_MacTests" */;
			buildPhases = (
				DF337E231AD2EF10001CA285 /* Sources */,
				DF337E241AD2EF10001CA285 /* Frameworks */,
				DF337E251AD2EF10001CA285 /* Resources */,
			);
			buildRules = (
			);
			dependencies = (
				DF337E291AD2EF10001CA285 /* PBXTargetDependency */,
			);
			name = ETAccount_MacTests;
			productName = ETAccount_MacTests;
			productReference = DF337E271AD2EF10001CA285 /* ETAccount_MacTests.xctest */;
			productType = "com.apple.product-type.bundle.unit-test";
		};
/* End PBXNativeTarget section */

/* Begin PBXProject section */
		DF337E061AD2EF0F001CA285 /* Project object */ = {
			isa = PBXProject;
			attributes = {
				LastUpgradeCheck = 0620;
				ORGANIZATIONNAME = Eten;
				TargetAttributes = {
					DF337E0D1AD2EF0F001CA285 = {
						CreatedOnToolsVersion = 6.2;
					};
					DF337E261AD2EF10001CA285 = {
						CreatedOnToolsVersion = 6.2;
						TestTargetID = DF337E0D1AD2EF0F001CA285;
					};
				};
			};
			buildConfigurationList = DF337E091AD2EF0F001CA285 /* Build configuration list for PBXProject "ETAccount_Mac" */;
			compatibilityVersion = "Xcode 3.2";
			developmentRegion = English;
			hasScannedForEncodings = 0;
			knownRegions = (
				en,
				Base,
			);
			mainGroup = DF337E051AD2EF0F001CA285;
			productRefGroup = DF337E0F1AD2EF0F001CA285 /* Products */;
			projectDirPath = "";
			projectRoot = "";
			targets = (
				DF337E0D1AD2EF0F001CA285 /* ETAccount_Mac */,
				DF337E261AD2EF10001CA285 /* ETAccount_MacTests */,
			);
		};
/* End PBXProject section */

/* Begin PBXResourcesBuildPhase section */
		DF337E0C1AD2EF0F001CA285 /* Resources */ = {
			isa = PBXResourcesBuildPhase;
			buildActionMask = 2147483647;
			files = (
				DF337E1F1AD2EF0F001CA285 /* Images.xcassets in Resources */,
				DF337E4D1AD2EF70001CA285 /* ETAccount.sqlite in Resources */,
				DF337E221AD2EF10001CA285 /* Main.storyboard in Resources */,
			);
			runOnlyForDeploymentPostprocessing = 0;
		};
		DF337E251AD2EF10001CA285 /* Resources */ = {
			isa = PBXResourcesBuildPhase;
			buildActionMask = 2147483647;
			files = (
			);
			runOnlyForDeploymentPostprocessing = 0;
		};
/* End PBXResourcesBuildPhase section */

/* Begin PBXSourcesBuildPhase section */
		DF337E0A1AD2EF0F001CA285 /* Sources */ = {
			isa = PBXSourcesBuildPhase;
			buildActionMask = 2147483647;
			files = (
				DF337E1D1AD2EF0F001CA285 /* Document.m in Sources */,
				DF337E1A1AD2EF0F001CA285 /* ViewController.m in Sources */,
				DF337E171AD2EF0F001CA285 /* main.m in Sources */,
				DF337E151AD2EF0F001CA285 /* AppDelegate.m in Sources */,
				DF337E4E1AD2EF70001CA285 /* ETHTTPUtility.m in Sources */,
				DF337E4F1AD2EF70001CA285 /* ETUtility.m in Sources */,
				DF337E521AD2EF70001CA285 /* FMResultSet.m in Sources */,
				DF337E501AD2EF70001CA285 /* ETXMLParser.m in Sources */,
				DF337E511AD2EF70001CA285 /* FMDatabase.m in Sources */,
				DF337E551AD2EF70001CA285 /* PODataManager.m in Sources */,
			);
			runOnlyForDeploymentPostprocessing = 0;
		};
		DF337E231AD2EF10001CA285 /* Sources */ = {
			isa = PBXSourcesBuildPhase;
			buildActionMask = 2147483647;
			files = (
				DF337E2E1AD2EF10001CA285 /* ETAccount_MacTests.m in Sources */,
			);
			runOnlyForDeploymentPostprocessing = 0;
		};
/* End PBXSourcesBuildPhase section */

/* Begin PBXTargetDependency section */
		DF337E291AD2EF10001CA285 /* PBXTargetDependency */ = {
			isa = PBXTargetDependency;
			target = DF337E0D1AD2EF0F001CA285 /* ETAccount_Mac */;
			targetProxy = DF337E281AD2EF10001CA285 /* PBXContainerItemProxy */;
		};
/* End PBXTargetDependency section */

/* Begin PBXVariantGroup section */
		DF337E201AD2EF0F001CA285 /* Main.storyboard */ = {
			isa = PBXVariantGroup;
			children = (
				DF337E211AD2EF10001CA285 /* Base */,
			);
			name = Main.storyboard;
			sourceTree = "<group>";
		};
/* End PBXVariantGroup section */

/* Begin XCBuildConfiguration section */
		DF337E2F1AD2EF10001CA285 /* Debug */ = {
			isa = XCBuildConfiguration;
			buildSettings = {
				ALWAYS_SEARCH_USER_PATHS = NO;
				CLANG_CXX_LANGUAGE_STANDARD = "gnu++0x";
				CLANG_CXX_LIBRARY = "libc++";
				CLANG_ENABLE_MODULES = YES;
				CLANG_ENABLE_OBJC_ARC = YES;
				CLANG_WARN_BOOL_CONVERSION = YES;
				CLANG_WARN_CONSTANT_CONVERSION = YES;
				CLANG_WARN_DIRECT_OBJC_ISA_USAGE = YES_ERROR;
				CLANG_WARN_EMPTY_BODY = YES;
				CLANG_WARN_ENUM_CONVERSION = YES;
				CLANG_WARN_INT_CONVERSION = YES;
				CLANG_WARN_OBJC_ROOT_CLASS = YES_ERROR;
				CLANG_WARN_UNREACHABLE_CODE = YES;
				CLANG_WARN__DUPLICATE_METHOD_MATCH = YES;
				CODE_SIGN_IDENTITY = "-";
				COPY_PHASE_STRIP = NO;
				ENABLE_STRICT_OBJC_MSGSEND = YES;
				GCC_C_LANGUAGE_STANDARD = gnu99;
				GCC_DYNAMIC_NO_PIC = NO;
				GCC_OPTIMIZATION_LEVEL = 0;
				GCC_PREPROCESSOR_DEFINITIONS = (
					"DEBUG=1",
					"$(inherited)",
				);
				GCC_SYMBOLS_PRIVATE_EXTERN = NO;
				GCC_WARN_64_TO_32_BIT_CONVERSION = YES;
				GCC_WARN_ABOUT_RETURN_TYPE = YES_ERROR;
				GCC_WARN_UNDECLARED_SELECTOR = YES;
				GCC_WARN_UNINITIALIZED_AUTOS = YES_AGGRESSIVE;
				GCC_WARN_UNUSED_FUNCTION = YES;
				GCC_WARN_UNUSED_VARIABLE = YES;
				MACOSX_DEPLOYMENT_TARGET = 10.10;
				MTL_ENABLE_DEBUG_INFO = YES;
				ONLY_ACTIVE_ARCH = YES;
				SDKROOT = macosx;
			};
			name = Debug;
		};
		DF337E301AD2EF10001CA285 /* Release */ = {
			isa = XCBuildConfiguration;
			buildSettings = {
				ALWAYS_SEARCH_USER_PATHS = NO;
				CLANG_CXX_LANGUAGE_STANDARD = "gnu++0x";
				CLANG_CXX_LIBRARY = "libc++";
				CLANG_ENABLE_MODULES = YES;
				CLANG_ENABLE_OBJC_ARC = YES;
				CLANG_WARN_BOOL_CONVERSION = YES;
				CLANG_WARN_CONSTANT_CONVERSION = YES;
				CLANG_WARN_DIRECT_OBJC_ISA_USAGE = YES_ERROR;
				CLANG_WARN_EMPTY_BODY = YES;
				CLANG_WARN_ENUM_CONVERSION = YES;
				CLANG_WARN_INT_CONVERSION = YES;
				CLANG_WARN_OBJC_ROOT_CLASS = YES_ERROR;
				CLANG_WARN_UNREACHABLE_CODE = YES;
				CLANG_WARN__DUPLICATE_METHOD_MATCH = YES;
				CODE_SIGN_IDENTITY = "-";
				COPY_PHASE_STRIP = NO;
				DEBUG_INFORMATION_FORMAT = "dwarf-with-dsym";
				ENABLE_NS_ASSERTIONS = NO;
				ENABLE_STRICT_OBJC_MSGSEND = YES;
				GCC_C_LANGUAGE_STANDARD = gnu99;
				GCC_WARN_64_TO_32_BIT_CONVERSION = YES;
				GCC_WARN_ABOUT_RETURN_TYPE = YES_ERROR;
				GCC_WARN_UNDECLARED_SELECTOR = YES;
				GCC_WARN_UNINITIALIZED_AUTOS = YES_AGGRESSIVE;
				GCC_WARN_UNUSED_FUNCTION = YES;
				GCC_WARN_UNUSED_VARIABLE = YES;
				MACOSX_DEPLOYMENT_TARGET = 10.10;
				MTL_ENABLE_DEBUG_INFO = NO;
				SDKROOT = macosx;
			};
			name = Release;
		};
		DF337E321AD2EF10001CA285 /* Debug */ = {
			isa = XCBuildConfiguration;
			buildSettings = {
				ASSETCATALOG_COMPILER_APPICON_NAME = AppIcon;
				COMBINE_HIDPI_IMAGES = YES;
				INFOPLIST_FILE = ETAccount_Mac/Info.plist;
				LD_RUNPATH_SEARCH_PATHS = "$(inherited) @executable_path/../Frameworks";
				PRODUCT_NAME = "$(TARGET_NAME)";
			};
			name = Debug;
		};
		DF337E331AD2EF10001CA285 /* Release */ = {
			isa = XCBuildConfiguration;
			buildSettings = {
				ASSETCATALOG_COMPILER_APPICON_NAME = AppIcon;
				COMBINE_HIDPI_IMAGES = YES;
				INFOPLIST_FILE = ETAccount_Mac/Info.plist;
				LD_RUNPATH_SEARCH_PATHS = "$(inherited) @executable_path/../Frameworks";
				PRODUCT_NAME = "$(TARGET_NAME)";
			};
			name = Release;
		};
		DF337E351AD2EF10001CA285 /* Debug */ = {
			isa = XCBuildConfiguration;
			buildSettings = {
				BUNDLE_LOADER = "$(TEST_HOST)";
				COMBINE_HIDPI_IMAGES = YES;
				FRAMEWORK_SEARCH_PATHS = (
					"$(DEVELOPER_FRAMEWORKS_DIR)",
					"$(inherited)",
				);
				GCC_PREPROCESSOR_DEFINITIONS = (
					"DEBUG=1",
					"$(inherited)",
				);
				INFOPLIST_FILE = ETAccount_MacTests/Info.plist;
				LD_RUNPATH_SEARCH_PATHS = "$(inherited) @executable_path/../Frameworks @loader_path/../Frameworks";
				PRODUCT_NAME = "$(TARGET_NAME)";
				TEST_HOST = "$(BUILT_PRODUCTS_DIR)/ETAccount_Mac.app/Contents/MacOS/ETAccount_Mac";
			};
			name = Debug;
		};
		DF337E361AD2EF10001CA285 /* Release */ = {
			isa = XCBuildConfiguration;
			buildSettings = {
				BUNDLE_LOADER = "$(TEST_HOST)";
				COMBINE_HIDPI_IMAGES = YES;
				FRAMEWORK_SEARCH_PATHS = (
					"$(DEVELOPER_FRAMEWORKS_DIR)",
					"$(inherited)",
				);
				INFOPLIST_FILE = ETAccount_MacTests/Info.plist;
				LD_RUNPATH_SEARCH_PATHS = "$(inherited) @executable_path/../Frameworks @loader_path/../Frameworks";
				PRODUCT_NAME = "$(TARGET_NAME)";
				TEST_HOST = "$(BUILT_PRODUCTS_DIR)/ETAccount_Mac.app/Contents/MacOS/ETAccount_Mac";
			};
			name = Release;
		};
/* End XCBuildConfiguration section */

/* Begin XCConfigurationList section */
		DF337E091AD2EF0F001CA285 /* Build configuration list for PBXProject "ETAccount_Mac" */ = {
			isa = XCConfigurationList;
			buildConfigurations = (
				DF337E2F1AD2EF10001CA285 /* Debug */,
				DF337E301AD2EF10001CA285 /* Release */,
			);
			defaultConfigurationIsVisible = 0;
			defaultConfigurationName = Release;
		};
		DF337E311AD2EF10001CA285 /* Build configuration list for PBXNativeTarget "ETAccount_Mac" */ = {
			isa = XCConfigurationList;
			buildConfigurations = (
				DF337E321AD2EF10001CA285 /* Debug */,
				DF337E331AD2EF10001CA285 /* Release */,
			);
			defaultConfigurationIsVisible = 0;
			defaultConfigurationName = Release;
		};
		DF337E341AD2EF10001CA285 /* Build configuration list for PBXNativeTarget "ETAccount_MacTests" */ = {
			isa = XCConfigurationList;
			buildConfigurations = (
				DF337E351AD2EF10001CA285 /* Debug */,
				DF337E361AD2EF10001CA285 /* Release */,
			);
			defaultConfigurationIsVisible = 0;
			defaultConfigurationName = Release;
		};
/* End XCConfigurationList section */
	};
	rootObject = DF337E061AD2EF0F001CA285 /* Project object */;
}
